{
  "object": {
    "pins": [
      {
        "package": "MySwift3Package",
        "repositoryURL": "https://github.com/itsravenous/MySwift3Package.git",
        "state": {
          "branch": null,
          "revision": "50b06932901e02a7e66cdfe4ab2dc4ff9e87d505",
          "version": "1.0.0"
        }
      },
      {
        "package": "RxSwift",
        "repositoryURL": "https://github.com/ReactiveX/RxSwift.git",
        "state": {
          "branch": null,
          "revision": "80de9622b9bd1dca409b0e66e3ccc418676e571e",
          "version": "3.6.1"
        }
      }
    ]
  },
  "version": 1
}
